
Microsoft Visual Studio Solution File, Format Version 12.00
# Visual Studio Version 16
VisualStudioVersion = 16.0.29001.49
MinimumVisualStudioVersion = 10.0.40219.1
Project("{FAE04EC0-301F-11D3-BF4B-00C04F79EFBC}") = "HuellitasPerdidas", "HuellitasPerdidas.csproj", "{D272B3F9-485E-4A09-AEDC-D73051B22AF1}"
EndProject
Global
	GlobalSection(SolutionConfigurationPlatforms) = preSolution
		Debug|Any CPU = Debug|Any CPU
		Release|Any CPU = Release|Any CPU
	EndGlobalSection
	GlobalSection(ProjectConfigurationPlatforms) = postSolution
		{D272B3F9-485E-4A09-AEDC-D73051B22AF1}.Debug|Any CPU.ActiveCfg = Debug|Any CPU
		{D272B3F9-485E-4A09-AEDC-D73051B22AF1}.Debug|Any CPU.Build.0 = Debug|Any CPU
		{D272B3F9-485E-4A09-AEDC-D73051B22AF1}.Release|Any CPU.ActiveCfg = Release|Any CPU
		{D272B3F9-485E-4A09-AEDC-D73051B22AF1}.Release|Any CPU.Build.0 = Release|Any CPU
	EndGlobalSection
	GlobalSection(SolutionProperties) = preSolution
		HideSolutionNode = FALSE
	EndGlobalSection
	GlobalSection(ExtensibilityGlobals) = postSolution
		SolutionGuid = {8EA4CAE5-E809-42A0-A16C-7281FB02D238}
	EndGlobalSection
EndGlobal
